// !$*UTF8*$!
{
	archiveVersion = 1;
	classes = {
	};
	objectVersion = 46;
	objects = {

/* Begin PBXBuildFile section */
		C49FC9561BAB33C7006D9AAE /* main.cpp in Sources */ = {isa = PBXBuildFile; fileRef = C49FC9551BAB33C7006D9AAE /* main.cpp */; };
/* End PBXBuildFile section */

/* Begin PBXCopyFilesBuildPhase section */
		C49FC9501BAB33C7006D9AAE /* CopyFiles */ = {
			isa = PBXCopyFilesBuildPhase;
			buildActionMask = 2147483647;
			dstPath = /usr/share/man/man1/;
			dstSubfolderSpec = 0;
			files = (
			);
			runOnlyForDeploymentPostprocessing = 1;
		};
/* End PBXCopyFilesBuildPhase section */

/* Begin PBXFileReference section */
		C49FC9521BAB33C7006D9AAE /* SCC */ = {isa = PBXFileReference; explicitFileType = "compiled.mach-o.executable"; includeInIndex = 0; path = SCC; sourceTree = BUILT_PRODUCTS_DIR; };
		C49FC9551BAB33C7006D9AAE /* main.cpp */ = {isa = PBXFileReference; lastKnownFileType = sourcecode.cpp.cpp; path = main.cpp; sourceTree = "<group>"; };
		C49FC95C1BAB3499006D9AAE /* graph.h */ = {isa = PBXFileReference; lastKnownFileType = sourcecode.c.h; name = graph.h; path = ../graph.h; sourceTree = "<group>"; };
/* End PBXFileReference section */

/* Begin PBXFrameworksBuildPhase section */
		C49FC94F1BAB33C7006D9AAE /* Frameworks */ = {
			isa = PBXFrameworksBuildPhase;
			buildActionMask = 2147483647;
			files = (
			);
			runOnlyForDeploymentPostprocessing = 0;
		};
/* End PBXFrameworksBuildPhase section */

/* Begin PBXGroup section */
		C49FC9491BAB33C7006D9AAE = {
			isa = PBXGroup;
			children = (
				C49FC95C1BAB3499006D9AAE /* graph.h */,
				C49FC9541BAB33C7006D9AAE /* SCC */,
				C49FC9531BAB33C7006D9AAE /* Products */,
			);
			sourceTree = "<group>";
		};
		C49FC9531BAB33C7006D9AAE /* Products */ = {
			isa = PBXGroup;
			children = (
				C49FC9521BAB33C7006D9AAE /* SCC */,
			);
			name = Products;
			sourceTree = "<group>";
		};
		C49FC9541BAB33C7006D9AAE /* SCC */ = {
			isa = PBXGroup;
			children = (
				C49FC9551BAB33C7006D9AAE /* main.cpp */,
			);
			path = SCC;
			sourceTree = "<group>";
		};
/* End PBXGroup section */

/* Begin PBXNativeTarget section */
		C49FC9511BAB33C7006D9AAE /* SCC */ = {
			isa = PBXNativeTarget;
			buildConfigurationList = C49FC9591BAB33C7006D9AAE /* Build configuration list for PBXNativeTarget "SCC" */;
			buildPhases = (
				C49FC94E1BAB33C7006D9AAE /* Sources */,
				C49FC94F1BAB33C7006D9AAE /* Frameworks */,
				C49FC9501BAB33C7006D9AAE /* CopyFiles */,
			);
			buildRules = (
			);
			dependencies = (
			);
			name = SCC;
			productName = SCC;
			productReference = C49FC9521BAB33C7006D9AAE /* SCC */;
			productType = "com.apple.product-type.tool";
		};
/* End PBXNativeTarget section */

/* Begin PBXProject section */
		C49FC94A1BAB33C7006D9AAE /* Project object */ = {
			isa = PBXProject;
			attributes = {
				LastUpgradeCheck = 0630;
				ORGANIZATIONNAME = "Екатерина Вишневская";
				TargetAttributes = {
					C49FC9511BAB33C7006D9AAE = {
						CreatedOnToolsVersion = 6.3.1;
					};
				};
			};
			buildConfigurationList = C49FC94D1BAB33C7006D9AAE /* Build configuration list for PBXProject "SCC" */;
			compatibilityVersion = "Xcode 3.2";
			developmentRegion = English;
			hasScannedForEncodings = 0;
			knownRegions = (
				en,
			);
			mainGroup = C49FC9491BAB33C7006D9AAE;
			productRefGroup = C49FC9531BAB33C7006D9AAE /* Products */;
			projectDirPath = "";
			projectRoot = "";
			targets = (
				C49FC9511BAB33C7006D9AAE /* SCC */,
			);
		};
/* End PBXProject section */

/* Begin PBXSourcesBuildPhase section */
		C49FC94E1BAB33C7006D9AAE /* Sources */ = {
			isa = PBXSourcesBuildPhase;
			buildActionMask = 2147483647;
			files = (
				C49FC9561BAB33C7006D9AAE /* main.cpp in Sources */,
			);
			runOnlyForDeploymentPostprocessing = 0;
		};
/* End PBXSourcesBuildPhase section */

/* Begin XCBuildConfiguration section */
		C49FC9571BAB33C7006D9AAE /* Debug */ = {
			isa = XCBuildConfiguration;
			buildSettings = {
				ALWAYS_SEARCH_USER_PATHS = NO;
				CLANG_CXX_LANGUAGE_STANDARD = "gnu++0x";
				CLANG_CXX_LIBRARY = "libc++";
				CLANG_ENABLE_MODULES = YES;
				CLANG_ENABLE_OBJC_ARC = YES;
				CLANG_WARN_BOOL_CONVERSION = YES;
				CLANG_WARN_CONSTANT_CONVERSION = YES;
				CLANG_WARN_DIRECT_OBJC_ISA_USAGE = YES_ERROR;
				CLANG_WARN_EMPTY_BODY = YES;
				CLANG_WARN_ENUM_CONVERSION = YES;
				CLANG_WARN_INT_CONVERSION = YES;
				CLANG_WARN_OBJC_ROOT_CLASS = YES_ERROR;
				CLANG_WARN_UNREACHABLE_CODE = YES;
				CLANG_WARN__DUPLICATE_METHOD_MATCH = YES;
				COPY_PHASE_STRIP = NO;
				DEBUG_INFORMATION_FORMAT = dwarf;
				ENABLE_STRICT_OBJC_MSGSEND = YES;
				GCC_C_LANGUAGE_STANDARD = gnu99;
				GCC_DYNAMIC_NO_PIC = NO;
				GCC_NO_COMMON_BLOCKS = YES;
				GCC_OPTIMIZATION_LEVEL = 0;
				GCC_PREPROCESSOR_DEFINITIONS = (
					"DEBUG=1",
					"$(inherited)",
				);
				GCC_SYMBOLS_PRIVATE_EXTERN = NO;
				GCC_WARN_64_TO_32_BIT_CONVERSION = YES;
				GCC_WARN_ABOUT_RETURN_TYPE = YES_ERROR;
				GCC_WARN_UNDECLARED_SELECTOR = YES;
				GCC_WARN_UNINITIALIZED_AUTOS = YES_AGGRESSIVE;
				GCC_WARN_UNUSED_FUNCTION = YES;
				GCC_WARN_UNUSED_VARIABLE = YES;
				MACOSX_DEPLOYMENT_TARGET = 10.10;
				MTL_ENABLE_DEBUG_INFO = YES;
				ONLY_ACTIVE_ARCH = YES;
				SDKROOT = macosx;
			};
			name = Debug;
		};
		C49FC9581BAB33C7006D9AAE /* Release */ = {
			isa = XCBuildConfiguration;
			buildSettings = {
				ALWAYS_SEARCH_USER_PATHS = NO;
				CLANG_CXX_LANGUAGE_STANDARD = "gnu++0x";
				CLANG_CXX_LIBRARY = "libc++";
				CLANG_ENABLE_MODULES = YES;
				CLANG_ENABLE_OBJC_ARC = YES;
				CLANG_WARN_BOOL_CONVERSION = YES;
				CLANG_WARN_CONSTANT_CONVERSION = YES;
				CLANG_WARN_DIRECT_OBJC_ISA_USAGE = YES_ERROR;
				CLANG_WARN_EMPTY_BODY = YES;
				CLANG_WARN_ENUM_CONVERSION = YES;
				CLANG_WARN_INT_CONVERSION = YES;
				CLANG_WARN_OBJC_ROOT_CLASS = YES_ERROR;
				CLANG_WARN_UNREACHABLE_CODE = YES;
				CLANG_WARN__DUPLICATE_METHOD_MATCH = YES;
				COPY_PHASE_STRIP = NO;
				DEBUG_INFORMATION_FORMAT = "dwarf-with-dsym";
				ENABLE_NS_ASSERTIONS = NO;
				ENABLE_STRICT_OBJC_MSGSEND = YES;
				GCC_C_LANGUAGE_STANDARD = gnu99;
				GCC_NO_COMMON_BLOCKS = YES;
				GCC_WARN_64_TO_32_BIT_CONVERSION = YES;
				GCC_WARN_ABOUT_RETURN_TYPE = YES_ERROR;
				GCC_WARN_UNDECLARED_SELECTOR = YES;
				GCC_WARN_UNINITIALIZED_AUTOS = YES_AGGRESSIVE;
				GCC_WARN_UNUSED_FUNCTION = YES;
				GCC_WARN_UNUSED_VARIABLE = YES;
				MACOSX_DEPLOYMENT_TARGET = 10.10;
				MTL_ENABLE_DEBUG_INFO = NO;
				SDKROOT = macosx;
			};
			name = Release;
		};
		C49FC95A1BAB33C7006D9AAE /* Debug */ = {
			isa = XCBuildConfiguration;
			buildSettings = {
				PRODUCT_NAME = "$(TARGET_NAME)";
			};
			name = Debug;
		};
		C49FC95B1BAB33C7006D9AAE /* Release */ = {
			isa = XCBuildConfiguration;
			buildSettings = {
				PRODUCT_NAME = "$(TARGET_NAME)";
			};
			name = Release;
		};
/* End XCBuildConfiguration section */

/* Begin XCConfigurationList section */
		C49FC94D1BAB33C7006D9AAE /* Build configuration list for PBXProject "SCC" */ = {
			isa = XCConfigurationList;
			buildConfigurations = (
				C49FC9571BAB33C7006D9AAE /* Debug */,
				C49FC9581BAB33C7006D9AAE /* Release */,
			);
			defaultConfigurationIsVisible = 0;
			defaultConfigurationName = Release;
		};
		C49FC9591BAB33C7006D9AAE /* Build configuration list for PBXNativeTarget "SCC" */ = {
			isa = XCConfigurationList;
			buildConfigurations = (
				C49FC95A1BAB33C7006D9AAE /* Debug */,
				C49FC95B1BAB33C7006D9AAE /* Release */,
			);
			defaultConfigurationIsVisible = 0;
		};
/* End XCConfigurationList section */
	};
	rootObject = C49FC94A1BAB33C7006D9AAE /* Project object */;
}
